
Microsoft Visual Studio Solution File, Format Version 12.00
# Visual Studio Version 17
VisualStudioVersion = 17.1.32328.378
MinimumVisualStudioVersion = 10.0.40219.1
Project("{8BC9CEB8-8B4A-11D0-8D11-00A0C91BC942}") = "HomeWork 20", "HomeWork 20.vcxproj", "{66BE2E39-769B-4613-AC50-C41CAA22269A}"
EndProject
Global
	GlobalSection(SolutionConfigurationPlatforms) = preSolution
		Debug|x64 = Debug|x64
		Debug|x86 = Debug|x86
		Release|x64 = Release|x64
		Release|x86 = Release|x86
	EndGlobalSection
	GlobalSection(ProjectConfigurationPlatforms) = postSolution
		{66BE2E39-769B-4613-AC50-C41CAA22269A}.Debug|x64.ActiveCfg = Debug|x64
		{66BE2E39-769B-4613-AC50-C41CAA22269A}.Debug|x64.Build.0 = Debug|x64
		{66BE2E39-769B-4613-AC50-C41CAA22269A}.Debug|x86.ActiveCfg = Debug|Win32
		{66BE2E39-769B-4613-AC50-C41CAA22269A}.Debug|x86.Build.0 = Debug|Win32
		{66BE2E39-769B-4613-AC50-C41CAA22269A}.Release|x64.ActiveCfg = Release|x64
		{66BE2E39-769B-4613-AC50-C41CAA22269A}.Release|x64.Build.0 = Release|x64
		{66BE2E39-769B-4613-AC50-C41CAA22269A}.Release|x86.ActiveCfg = Release|Win32
		{66BE2E39-769B-4613-AC50-C41CAA22269A}.Release|x86.Build.0 = Release|Win32
	EndGlobalSection
	GlobalSection(SolutionProperties) = preSolution
		HideSolutionNode = FALSE
	EndGlobalSection
	GlobalSection(ExtensibilityGlobals) = postSolution
		SolutionGuid = {FD0606B3-6EB8-4257-A430-9C9844C48B74}
	EndGlobalSection
EndGlobal
